{
  "name": "madge",
  "version": "0.5.4",
  "dependencies": {
    "amdetective": {
      "version": "0.0.2",
      "from": "amdetective@0.0.2",
      "resolved": "https://registry.npmjs.org/amdetective/-/amdetective-0.0.2.tgz",
      "dependencies": {
        "esprima": {
          "version": "1.2.5",
          "from": "esprima@>=1.2.2 <1.3.0",
          "resolved": "https://registry.npmjs.org/esprima/-/esprima-1.2.5.tgz"
        }
      }
    },
    "coffee-script": {
      "version": "1.3.3",
      "from": "coffee-script@1.3.3",
      "resolved": "https://registry.npmjs.org/coffee-script/-/coffee-script-1.3.3.tgz"
    },
    "colors": {
      "version": "1.1.2",
      "from": "colors@>=1.1.2 <2.0.0",
      "resolved": "https://registry.npmjs.org/colors/-/colors-1.1.2.tgz"
    },
    "commander": {
      "version": "2.9.0",
      "from": "commander@>=2.8.1 <3.0.0",
      "resolved": "https://registry.npmjs.org/commander/-/commander-2.9.0.tgz",
      "dependencies": {
        "graceful-readlink": {
          "version": "1.0.1",
          "from": "graceful-readlink@>=1.0.0",
          "resolved": "https://registry.npmjs.org/graceful-readlink/-/graceful-readlink-1.0.1.tgz"
        }
      }
    },
    "commondir": {
      "version": "1.0.1",
      "from": "commondir@>=1.0.1 <2.0.0",
      "resolved": "https://registry.npmjs.org/commondir/-/commondir-1.0.1.tgz"
    },
    "detective": {
      "version": "4.3.1",
      "from": "detective@>=4.2.0 <5.0.0",
      "resolved": "https://registry.npmjs.org/detective/-/detective-4.3.1.tgz",
      "dependencies": {
        "acorn": {
          "version": "1.2.2",
          "from": "acorn@>=1.0.3 <2.0.0",
          "resolved": "https://registry.npmjs.org/acorn/-/acorn-1.2.2.tgz"
        },
        "defined": {
          "version": "1.0.0",
          "from": "defined@>=1.0.0 <2.0.0",
          "resolved": "https://registry.npmjs.org/defined/-/defined-1.0.0.tgz"
        }
      }
    },
    "detective-es6": {
      "version": "1.1.4",
      "from": "detective-es6@1.1.4",
      "resolved": "https://registry.npmjs.org/detective-es6/-/detective-es6-1.1.4.tgz",
      "dependencies": {
        "node-source-walk": {
          "version": "3.0.0",
          "from": "node-source-walk@>=3.0.0 <4.0.0",
          "resolved": "https://registry.npmjs.org/node-source-walk/-/node-source-walk-3.0.0.tgz",
          "dependencies": {
            "babylon": {
              "version": "6.8.1",
              "from": "babylon@>=6.8.1 <6.9.0",
              "resolved": "https://registry.npmjs.org/babylon/-/babylon-6.8.1.tgz",
              "dependencies": {
                "babel-runtime": {
                  "version": "6.9.2",
                  "from": "babel-runtime@>=6.0.0 <7.0.0",
                  "resolved": "https://registry.npmjs.org/babel-runtime/-/babel-runtime-6.9.2.tgz",
                  "dependencies": {
                    "core-js": {
                      "version": "2.4.0",
                      "from": "core-js@>=2.4.0 <3.0.0",
                      "resolved": "https://registry.npmjs.org/core-js/-/core-js-2.4.0.tgz"
                    },
                    "regenerator-runtime": {
                      "version": "0.9.5",
                      "from": "regenerator-runtime@>=0.9.5 <0.10.0",
                      "resolved": "https://registry.npmjs.org/regenerator-runtime/-/regenerator-runtime-0.9.5.tgz"
                    }
                  }
                }
              }
            },
            "object-assign": {
              "version": "4.1.0",
              "from": "object-assign@>=4.0.1 <5.0.0",
              "resolved": "https://registry.npmjs.org/object-assign/-/object-assign-4.1.0.tgz"
            }
          }
        }
      }
    },
    "graphviz": {
      "version": "0.0.8",
      "from": "graphviz@0.0.8",
      "resolved": "https://registry.npmjs.org/graphviz/-/graphviz-0.0.8.tgz",
      "dependencies": {
        "temp": {
          "version": "0.4.0",
          "from": "temp@>=0.4.0 <0.5.0",
          "resolved": "https://registry.npmjs.org/temp/-/temp-0.4.0.tgz"
        }
      }
    },
    "react-tools": {
      "version": "0.13.3",
      "from": "react-tools@>=0.13.3 <0.14.0",
      "resolved": "https://registry.npmjs.org/react-tools/-/react-tools-0.13.3.tgz",
      "dependencies": {
        "commoner": {
          "version": "0.10.4",
          "from": "commoner@>=0.10.0 <0.11.0",
          "resolved": "https://registry.npmjs.org/commoner/-/commoner-0.10.4.tgz",
          "dependencies": {
            "glob": {
              "version": "5.0.15",
              "from": "glob@>=5.0.15 <6.0.0",
              "resolved": "https://registry.npmjs.org/glob/-/glob-5.0.15.tgz",
              "dependencies": {
                "inflight": {
                  "version": "1.0.5",
                  "from": "inflight@>=1.0.4 <2.0.0",
                  "resolved": "https://registry.npmjs.org/inflight/-/inflight-1.0.5.tgz",
                  "dependencies": {
                    "wrappy": {
                      "version": "1.0.2",
                      "from": "wrappy@>=1.0.0 <2.0.0",
                      "resolved": "https://registry.npmjs.org/wrappy/-/wrappy-1.0.2.tgz"
                    }
                  }
                },
                "inherits": {
                  "version": "2.0.1",
                  "from": "inherits@>=2.0.0 <3.0.0",
                  "resolved": "https://registry.npmjs.org/inherits/-/inherits-2.0.1.tgz"
                },
                "minimatch": {
                  "version": "3.0.2",
                  "from": "minimatch@>=2.0.0 <3.0.0||>=3.0.0 <4.0.0",
                  "resolved": "https://registry.npmjs.org/minimatch/-/minimatch-3.0.2.tgz",
                  "dependencies": {
                    "brace-expansion": {
                      "version": "1.1.5",
                      "from": "brace-expansion@>=1.0.0 <2.0.0",
                      "resolved": "https://registry.npmjs.org/brace-expansion/-/brace-expansion-1.1.5.tgz",
                      "dependencies": {
                        "balanced-match": {
                          "version": "0.4.1",
                          "from": "balanced-match@>=0.4.1 <0.5.0",
                          "resolved": "https://registry.npmjs.org/balanced-match/-/balanced-match-0.4.1.tgz"
                        },
                        "concat-map": {
                          "version": "0.0.1",
                          "from": "concat-map@0.0.1",
                          "resolved": "https://registry.npmjs.org/concat-map/-/concat-map-0.0.1.tgz"
                        }
                      }
                    }
                  }
                },
                "once": {
                  "version": "1.3.3",
                  "from": "once@>=1.3.0 <2.0.0",
                  "resolved": "https://registry.npmjs.org/once/-/once-1.3.3.tgz",
                  "dependencies": {
                    "wrappy": {
                      "version": "1.0.2",
                      "from": "wrappy@>=1.0.0 <2.0.0",
                      "resolved": "https://registry.npmjs.org/wrappy/-/wrappy-1.0.2.tgz"
                    }
                  }
                },
                "path-is-absolute": {
                  "version": "1.0.0",
                  "from": "path-is-absolute@>=1.0.0 <2.0.0",
                  "resolved": "https://registry.npmjs.org/path-is-absolute/-/path-is-absolute-1.0.0.tgz"
                }
              }
            },
            "graceful-fs": {
              "version": "4.1.4",
              "from": "graceful-fs@>=4.1.2 <5.0.0",
              "resolved": "https://registry.npmjs.org/graceful-fs/-/graceful-fs-4.1.4.tgz"
            },
            "iconv-lite": {
              "version": "0.4.13",
              "from": "iconv-lite@>=0.4.5 <0.5.0",
              "resolved": "https://registry.npmjs.org/iconv-lite/-/iconv-lite-0.4.13.tgz"
            },
            "mkdirp": {
              "version": "0.5.1",
              "from": "mkdirp@>=0.5.0 <0.6.0",
              "resolved": "https://registry.npmjs.org/mkdirp/-/mkdirp-0.5.1.tgz",
              "dependencies": {
                "minimist": {
                  "version": "0.0.8",
                  "from": "minimist@0.0.8",
                  "resolved": "https://registry.npmjs.org/minimist/-/minimist-0.0.8.tgz"
                }
              }
            },
            "private": {
              "version": "0.1.6",
              "from": "private@>=0.1.6 <0.2.0",
              "resolved": "https://registry.npmjs.org/private/-/private-0.1.6.tgz"
            },
            "q": {
              "version": "1.4.1",
              "from": "q@>=1.1.2 <2.0.0",
              "resolved": "https://registry.npmjs.org/q/-/q-1.4.1.tgz"
            },
            "recast": {
              "version": "0.10.43",
              "from": "recast@>=0.10.0 <0.11.0",
              "resolved": "https://registry.npmjs.org/recast/-/recast-0.10.43.tgz",
              "dependencies": {
                "esprima-fb": {
                  "version": "15001.1001.0-dev-harmony-fb",
                  "from": "esprima-fb@>=15001.1001.0-dev-harmony-fb <15001.1002.0",
                  "resolved": "https://registry.npmjs.org/esprima-fb/-/esprima-fb-15001.1001.0-dev-harmony-fb.tgz"
                },
                "source-map": {
                  "version": "0.5.6",
                  "from": "source-map@>=0.5.0 <0.6.0",
                  "resolved": "https://registry.npmjs.org/source-map/-/source-map-0.5.6.tgz"
                },
                "ast-types": {
                  "version": "0.8.15",
                  "from": "ast-types@0.8.15",
                  "resolved": "https://registry.npmjs.org/ast-types/-/ast-types-0.8.15.tgz"
                }
              }
            }
          }
        },
        "jstransform": {
          "version": "10.1.0",
          "from": "jstransform@>=10.1.0 <11.0.0",
          "resolved": "https://registry.npmjs.org/jstransform/-/jstransform-10.1.0.tgz",
          "dependencies": {
            "base62": {
              "version": "0.1.1",
              "from": "base62@0.1.1",
              "resolved": "https://registry.npmjs.org/base62/-/base62-0.1.1.tgz"
            },
            "esprima-fb": {
              "version": "13001.1001.0-dev-harmony-fb",
              "from": "esprima-fb@13001.1001.0-dev-harmony-fb",
              "resolved": "https://registry.npmjs.org/esprima-fb/-/esprima-fb-13001.1001.0-dev-harmony-fb.tgz"
            },
            "source-map": {
              "version": "0.1.31",
              "from": "source-map@0.1.31",
              "resolved": "https://registry.npmjs.org/source-map/-/source-map-0.1.31.tgz",
              "dependencies": {
                "amdefine": {
                  "version": "1.0.0",
                  "from": "amdefine@>=0.0.4",
                  "resolved": "https://registry.npmjs.org/amdefine/-/amdefine-1.0.0.tgz"
                }
              }
            }
          }
        }
      }
    },
    "resolve": {
      "version": "1.1.7",
      "from": "resolve@>=1.1.6 <2.0.0",
      "resolved": "https://registry.npmjs.org/resolve/-/resolve-1.1.7.tgz"
    },
    "uglify-js": {
      "version": "1.3.5",
      "from": "uglify-js@>=1.3.5 <2.0.0",
      "resolved": "https://registry.npmjs.org/uglify-js/-/uglify-js-1.3.5.tgz"
    },
    "walkdir": {
      "version": "0.0.10",
      "from": "walkdir@0.0.10",
      "resolved": "https://registry.npmjs.org/walkdir/-/walkdir-0.0.10.tgz"
    }
  }
}
