{
  "name": "madge",
  "version": "0.2.0",
  "dependencies": {
    "amdetective": {
      "version": "0.0.1",
      "from": "amdetective@0.0.1",
      "resolved": "https://registry.npmjs.org/amdetective/-/amdetective-0.0.1.tgz",
      "dependencies": {
        "esprima": {
          "version": "1.0.4",
          "from": "esprima@~1.0.4",
          "resolved": "https://registry.npmjs.org/esprima/-/esprima-1.0.4.tgz"
        }
      }
    },
    "coffee-script": {
      "version": "1.3.3",
      "from": "coffee-script@1.3.3",
      "resolved": "https://registry.npmjs.org/coffee-script/-/coffee-script-1.3.3.tgz"
    },
    "colors": {
      "version": "0.6.0-1",
      "from": "colors@0.6.0-1",
      "resolved": "https://registry.npmjs.org/colors/-/colors-0.6.0-1.tgz"
    },
    "commander": {
      "version": "1.0.0",
      "from": "commander@1.0.0",
      "resolved": "https://registry.npmjs.org/commander/-/commander-1.0.0.tgz"
    },
    "commondir": {
      "version": "0.0.1",
      "from": "commondir@0.0.1",
      "resolved": "https://registry.npmjs.org/commondir/-/commondir-0.0.1.tgz"
    },
    "detective": {
      "version": "0.1.1",
      "from": "detective@0.1.1",
      "resolved": "https://registry.npmjs.org/detective/-/detective-0.1.1.tgz"
    },
    "graphviz": {
      "version": "0.0.7",
      "from": "graphviz@0.0.7",
      "resolved": "https://registry.npmjs.org/graphviz/-/graphviz-0.0.7.tgz",
      "dependencies": {
        "temp": {
          "version": "0.4.0",
          "from": "temp@~0.4.0",
          "resolved": "https://registry.npmjs.org/temp/-/temp-0.4.0.tgz"
        }
      }
    },
    "grunt": {
      "version": "0.4.4",
      "from": "grunt@0.4.4",
      "resolved": "https://registry.npmjs.org/grunt/-/grunt-0.4.4.tgz",
      "dependencies": {
        "async": {
          "version": "0.1.22",
          "from": "async@~0.1.22",
          "resolved": "https://registry.npmjs.org/async/-/async-0.1.22.tgz"
        },
        "colors": {
          "version": "0.6.2",
          "from": "colors@~0.6.2",
          "resolved": "https://registry.npmjs.org/colors/-/colors-0.6.2.tgz"
        },
        "dateformat": {
          "version": "1.0.2-1.2.3",
          "from": "dateformat@1.0.2-1.2.3",
          "resolved": "https://registry.npmjs.org/dateformat/-/dateformat-1.0.2-1.2.3.tgz"
        },
        "eventemitter2": {
          "version": "0.4.13",
          "from": "eventemitter2@~0.4.13",
          "resolved": "https://registry.npmjs.org/eventemitter2/-/eventemitter2-0.4.13.tgz"
        },
        "findup-sync": {
          "version": "0.1.3",
          "from": "findup-sync@~0.1.2",
          "resolved": "https://registry.npmjs.org/findup-sync/-/findup-sync-0.1.3.tgz",
          "dependencies": {
            "glob": {
              "version": "3.2.9",
              "from": "glob@~3.2.9",
              "resolved": "https://registry.npmjs.org/glob/-/glob-3.2.9.tgz",
              "dependencies": {
                "inherits": {
                  "version": "2.0.1",
                  "from": "inherits@2",
                  "resolved": "https://registry.npmjs.org/inherits/-/inherits-2.0.1.tgz"
                }
              }
            },
            "lodash": {
              "version": "2.4.1",
              "from": "lodash@~2.4.1",
              "resolved": "https://registry.npmjs.org/lodash/-/lodash-2.4.1.tgz"
            }
          }
        },
        "glob": {
          "version": "3.1.21",
          "from": "glob@~3.1.21",
          "resolved": "https://registry.npmjs.org/glob/-/glob-3.1.21.tgz",
          "dependencies": {
            "graceful-fs": {
              "version": "1.2.3",
              "from": "graceful-fs@~1.2.0",
              "resolved": "https://registry.npmjs.org/graceful-fs/-/graceful-fs-1.2.3.tgz"
            },
            "inherits": {
              "version": "1.0.0",
              "from": "inherits@1",
              "resolved": "https://registry.npmjs.org/inherits/-/inherits-1.0.0.tgz"
            }
          }
        },
        "hooker": {
          "version": "0.2.3",
          "from": "hooker@~0.2.3",
          "resolved": "https://registry.npmjs.org/hooker/-/hooker-0.2.3.tgz"
        },
        "iconv-lite": {
          "version": "0.2.11",
          "from": "iconv-lite@~0.2.11",
          "resolved": "https://registry.npmjs.org/iconv-lite/-/iconv-lite-0.2.11.tgz"
        },
        "minimatch": {
          "version": "0.2.14",
          "from": "minimatch@~0.2.12",
          "resolved": "https://registry.npmjs.org/minimatch/-/minimatch-0.2.14.tgz",
          "dependencies": {
            "lru-cache": {
              "version": "2.5.0",
              "from": "lru-cache@2",
              "resolved": "https://registry.npmjs.org/lru-cache/-/lru-cache-2.5.0.tgz"
            },
            "sigmund": {
              "version": "1.0.0",
              "from": "sigmund@~1.0.0",
              "resolved": "https://registry.npmjs.org/sigmund/-/sigmund-1.0.0.tgz"
            }
          }
        },
        "nopt": {
          "version": "1.0.10",
          "from": "nopt@~1.0.10",
          "resolved": "https://registry.npmjs.org/nopt/-/nopt-1.0.10.tgz",
          "dependencies": {
            "abbrev": {
              "version": "1.0.4",
              "from": "abbrev@1",
              "resolved": "https://registry.npmjs.org/abbrev/-/abbrev-1.0.4.tgz"
            }
          }
        },
        "rimraf": {
          "version": "2.2.6",
          "from": "rimraf@~2.2.0",
          "resolved": "https://registry.npmjs.org/rimraf/-/rimraf-2.2.6.tgz"
        },
        "lodash": {
          "version": "0.9.2",
          "from": "lodash@~0.9.2",
          "resolved": "https://registry.npmjs.org/lodash/-/lodash-0.9.2.tgz"
        },
        "underscore.string": {
          "version": "2.2.1",
          "from": "underscore.string@~2.2.1",
          "resolved": "https://registry.npmjs.org/underscore.string/-/underscore.string-2.2.1.tgz"
        },
        "which": {
          "version": "1.0.5",
          "from": "which@~1.0.5",
          "resolved": "https://registry.npmjs.org/which/-/which-1.0.5.tgz"
        },
        "js-yaml": {
          "version": "2.0.5",
          "from": "js-yaml@~2.0.5",
          "resolved": "https://registry.npmjs.org/js-yaml/-/js-yaml-2.0.5.tgz",
          "dependencies": {
            "argparse": {
              "version": "0.1.15",
              "from": "argparse@~ 0.1.11",
              "resolved": "https://registry.npmjs.org/argparse/-/argparse-0.1.15.tgz",
              "dependencies": {
                "underscore": {
                  "version": "1.4.4",
                  "from": "underscore@~1.4.3",
                  "resolved": "https://registry.npmjs.org/underscore/-/underscore-1.4.4.tgz"
                },
                "underscore.string": {
                  "version": "2.3.3",
                  "from": "underscore.string@~2.3.1",
                  "resolved": "https://registry.npmjs.org/underscore.string/-/underscore.string-2.3.3.tgz"
                }
              }
            },
            "esprima": {
              "version": "1.0.4",
              "from": "esprima@~ 1.0.2",
              "resolved": "https://registry.npmjs.org/esprima/-/esprima-1.0.4.tgz"
            }
          }
        },
        "exit": {
          "version": "0.1.2",
          "from": "exit@~0.1.1",
          "resolved": "https://registry.npmjs.org/exit/-/exit-0.1.2.tgz"
        },
        "getobject": {
          "version": "0.1.0",
          "from": "getobject@~0.1.0",
          "resolved": "https://registry.npmjs.org/getobject/-/getobject-0.1.0.tgz"
        },
        "grunt-legacy-util": {
          "version": "0.1.2",
          "from": "grunt-legacy-util@~0.1.2",
          "resolved": "https://registry.npmjs.org/grunt-legacy-util/-/grunt-legacy-util-0.1.2.tgz"
        }
      }
    },
    "grunt-cli": {
      "version": "0.1.8",
      "from": "grunt-cli@0.1.8",
      "resolved": "https://registry.npmjs.org/grunt-cli/-/grunt-cli-0.1.8.tgz",
      "dependencies": {
        "nopt": {
          "version": "1.0.10",
          "from": "nopt@~1.0.10",
          "resolved": "https://registry.npmjs.org/nopt/-/nopt-1.0.10.tgz",
          "dependencies": {
            "abbrev": {
              "version": "1.0.4",
              "from": "abbrev@1",
              "resolved": "https://registry.npmjs.org/abbrev/-/abbrev-1.0.4.tgz"
            }
          }
        },
        "findup-sync": {
          "version": "0.1.3",
          "from": "findup-sync@~0.1.0",
          "resolved": "https://registry.npmjs.org/findup-sync/-/findup-sync-0.1.3.tgz",
          "dependencies": {
            "glob": {
              "version": "3.2.9",
              "from": "glob@~3.2.9",
              "resolved": "https://registry.npmjs.org/glob/-/glob-3.2.9.tgz",
              "dependencies": {
                "minimatch": {
                  "version": "0.2.14",
                  "from": "minimatch@~0.2.11",
                  "resolved": "https://registry.npmjs.org/minimatch/-/minimatch-0.2.14.tgz",
                  "dependencies": {
                    "lru-cache": {
                      "version": "2.5.0",
                      "from": "lru-cache@2",
                      "resolved": "https://registry.npmjs.org/lru-cache/-/lru-cache-2.5.0.tgz"
                    },
                    "sigmund": {
                      "version": "1.0.0",
                      "from": "sigmund@~1.0.0",
                      "resolved": "https://registry.npmjs.org/sigmund/-/sigmund-1.0.0.tgz"
                    }
                  }
                },
                "inherits": {
                  "version": "2.0.1",
                  "from": "inherits@2",
                  "resolved": "https://registry.npmjs.org/inherits/-/inherits-2.0.1.tgz"
                }
              }
            },
            "lodash": {
              "version": "2.4.1",
              "from": "lodash@~2.4.1",
              "resolved": "https://registry.npmjs.org/lodash/-/lodash-2.4.1.tgz"
            }
          }
        },
        "resolve": {
          "version": "0.3.1",
          "from": "resolve@~0.3.1",
          "resolved": "https://registry.npmjs.org/resolve/-/resolve-0.3.1.tgz"
        }
      }
    },
    "grunt-contrib-jshint": {
      "version": "0.10.0",
      "from": "grunt-contrib-jshint@0.10.0",
      "resolved": "https://registry.npmjs.org/grunt-contrib-jshint/-/grunt-contrib-jshint-0.10.0.tgz",
      "dependencies": {
        "jshint": {
          "version": "2.5.0",
          "from": "jshint@~2.5.0",
          "resolved": "https://registry.npmjs.org/jshint/-/jshint-2.5.0.tgz",
          "dependencies": {
            "shelljs": {
              "version": "0.1.4",
              "from": "shelljs@0.1.x",
              "resolved": "https://registry.npmjs.org/shelljs/-/shelljs-0.1.4.tgz"
            },
            "underscore": {
              "version": "1.4.4",
              "from": "underscore@1.4.x",
              "resolved": "https://registry.npmjs.org/underscore/-/underscore-1.4.4.tgz"
            },
            "cli": {
              "version": "0.4.5",
              "from": "cli@0.4.x",
              "resolved": "https://registry.npmjs.org/cli/-/cli-0.4.5.tgz",
              "dependencies": {
                "glob": {
                  "version": "3.2.9",
                  "from": "glob@>= 3.1.4",
                  "resolved": "https://registry.npmjs.org/glob/-/glob-3.2.9.tgz",
                  "dependencies": {
                    "inherits": {
                      "version": "2.0.1",
                      "from": "inherits@2",
                      "resolved": "https://registry.npmjs.org/inherits/-/inherits-2.0.1.tgz"
                    }
                  }
                }
              }
            },
            "minimatch": {
              "version": "0.2.14",
              "from": "minimatch@0.x.x",
              "resolved": "https://registry.npmjs.org/minimatch/-/minimatch-0.2.14.tgz",
              "dependencies": {
                "lru-cache": {
                  "version": "2.5.0",
                  "from": "lru-cache@2",
                  "resolved": "https://registry.npmjs.org/lru-cache/-/lru-cache-2.5.0.tgz"
                },
                "sigmund": {
                  "version": "1.0.0",
                  "from": "sigmund@~1.0.0",
                  "resolved": "https://registry.npmjs.org/sigmund/-/sigmund-1.0.0.tgz"
                }
              }
            },
            "htmlparser2": {
              "version": "3.3.0",
              "from": "htmlparser2@3.3.x",
              "resolved": "https://registry.npmjs.org/htmlparser2/-/htmlparser2-3.3.0.tgz",
              "dependencies": {
                "domhandler": {
                  "version": "2.1.0",
                  "from": "domhandler@2.1",
                  "resolved": "https://registry.npmjs.org/domhandler/-/domhandler-2.1.0.tgz"
                },
                "domutils": {
                  "version": "1.1.6",
                  "from": "domutils@1.1",
                  "resolved": "https://registry.npmjs.org/domutils/-/domutils-1.1.6.tgz"
                },
                "domelementtype": {
                  "version": "1.1.1",
                  "from": "domelementtype@1",
                  "resolved": "https://registry.npmjs.org/domelementtype/-/domelementtype-1.1.1.tgz"
                },
                "readable-stream": {
                  "version": "1.0.27-1",
                  "from": "readable-stream@1.0",
                  "resolved": "https://registry.npmjs.org/readable-stream/-/readable-stream-1.0.27-1.tgz",
                  "dependencies": {
                    "core-util-is": {
                      "version": "1.0.1",
                      "from": "core-util-is@~1.0.0",
                      "resolved": "https://registry.npmjs.org/core-util-is/-/core-util-is-1.0.1.tgz"
                    },
                    "isarray": {
                      "version": "0.0.1",
                      "from": "isarray@0.0.1",
                      "resolved": "https://registry.npmjs.org/isarray/-/isarray-0.0.1.tgz"
                    },
                    "string_decoder": {
                      "version": "0.10.25-1",
                      "from": "string_decoder@~0.10.x",
                      "resolved": "https://registry.npmjs.org/string_decoder/-/string_decoder-0.10.25-1.tgz"
                    },
                    "inherits": {
                      "version": "2.0.1",
                      "from": "inherits@~2.0.1",
                      "resolved": "https://registry.npmjs.org/inherits/-/inherits-2.0.1.tgz"
                    }
                  }
                }
              }
            },
            "console-browserify": {
              "version": "0.1.6",
              "from": "console-browserify@0.1.x",
              "resolved": "https://registry.npmjs.org/console-browserify/-/console-browserify-0.1.6.tgz"
            },
            "exit": {
              "version": "0.1.2",
              "from": "exit@0.1.x",
              "resolved": "https://registry.npmjs.org/exit/-/exit-0.1.2.tgz"
            },
            "strip-json-comments": {
              "version": "0.1.1",
              "from": "strip-json-comments@0.1.x",
              "resolved": "https://registry.npmjs.org/strip-json-comments/-/strip-json-comments-0.1.1.tgz"
            }
          }
        },
        "hooker": {
          "version": "0.2.3",
          "from": "hooker@~0.2.3",
          "resolved": "https://registry.npmjs.org/hooker/-/hooker-0.2.3.tgz"
        }
      }
    },
    "grunt-mocha-test": {
      "version": "0.10.2",
      "from": "grunt-mocha-test@0.10.2",
      "resolved": "https://registry.npmjs.org/grunt-mocha-test/-/grunt-mocha-test-0.10.2.tgz",
      "dependencies": {
        "mocha": {
          "version": "1.18.2",
          "from": "mocha@~1.18.0",
          "resolved": "https://registry.npmjs.org/mocha/-/mocha-1.18.2.tgz",
          "dependencies": {
            "commander": {
              "version": "2.0.0",
              "from": "commander@2.0.0",
              "resolved": "https://registry.npmjs.org/commander/-/commander-2.0.0.tgz"
            },
            "growl": {
              "version": "1.7.0",
              "from": "growl@1.7.x",
              "resolved": "https://registry.npmjs.org/growl/-/growl-1.7.0.tgz"
            },
            "jade": {
              "version": "0.26.3",
              "from": "jade@0.26.3",
              "resolved": "https://registry.npmjs.org/jade/-/jade-0.26.3.tgz",
              "dependencies": {
                "commander": {
                  "version": "0.6.1",
                  "from": "commander@0.6.1",
                  "resolved": "https://registry.npmjs.org/commander/-/commander-0.6.1.tgz"
                },
                "mkdirp": {
                  "version": "0.3.0",
                  "from": "mkdirp@0.3.0",
                  "resolved": "https://registry.npmjs.org/mkdirp/-/mkdirp-0.3.0.tgz"
                }
              }
            },
            "diff": {
              "version": "1.0.7",
              "from": "diff@1.0.7",
              "resolved": "https://registry.npmjs.org/diff/-/diff-1.0.7.tgz"
            },
            "debug": {
              "version": "0.8.0",
              "from": "debug@*",
              "resolved": "https://registry.npmjs.org/debug/-/debug-0.8.0.tgz"
            },
            "mkdirp": {
              "version": "0.3.5",
              "from": "mkdirp@0.3.5",
              "resolved": "https://registry.npmjs.org/mkdirp/-/mkdirp-0.3.5.tgz"
            },
            "glob": {
              "version": "3.2.3",
              "from": "glob@3.2.3",
              "resolved": "https://registry.npmjs.org/glob/-/glob-3.2.3.tgz",
              "dependencies": {
                "minimatch": {
                  "version": "0.2.14",
                  "from": "minimatch@~0.2.11",
                  "resolved": "https://registry.npmjs.org/minimatch/-/minimatch-0.2.14.tgz",
                  "dependencies": {
                    "lru-cache": {
                      "version": "2.5.0",
                      "from": "lru-cache@2",
                      "resolved": "https://registry.npmjs.org/lru-cache/-/lru-cache-2.5.0.tgz"
                    },
                    "sigmund": {
                      "version": "1.0.0",
                      "from": "sigmund@~1.0.0",
                      "resolved": "https://registry.npmjs.org/sigmund/-/sigmund-1.0.0.tgz"
                    }
                  }
                },
                "graceful-fs": {
                  "version": "2.0.3",
                  "from": "graceful-fs@~2.0.0",
                  "resolved": "https://registry.npmjs.org/graceful-fs/-/graceful-fs-2.0.3.tgz"
                },
                "inherits": {
                  "version": "2.0.1",
                  "from": "inherits@2",
                  "resolved": "https://registry.npmjs.org/inherits/-/inherits-2.0.1.tgz"
                }
              }
            }
          }
        },
        "hooker": {
          "version": "0.2.3",
          "from": "hooker@~0.2.3",
          "resolved": "https://registry.npmjs.org/hooker/-/hooker-0.2.3.tgz"
        },
        "fs-extra": {
          "version": "0.8.1",
          "from": "fs-extra@~0.8.1",
          "resolved": "https://registry.npmjs.org/fs-extra/-/fs-extra-0.8.1.tgz",
          "dependencies": {
            "ncp": {
              "version": "0.4.2",
              "from": "ncp@~0.4.2",
              "resolved": "https://registry.npmjs.org/ncp/-/ncp-0.4.2.tgz"
            },
            "mkdirp": {
              "version": "0.3.5",
              "from": "mkdirp@0.3.x",
              "resolved": "https://registry.npmjs.org/mkdirp/-/mkdirp-0.3.5.tgz"
            },
            "jsonfile": {
              "version": "1.1.1",
              "from": "jsonfile@~1.1.0",
              "resolved": "https://registry.npmjs.org/jsonfile/-/jsonfile-1.1.1.tgz"
            },
            "rimraf": {
              "version": "2.2.6",
              "from": "rimraf@~2.2.0",
              "resolved": "https://registry.npmjs.org/rimraf/-/rimraf-2.2.6.tgz"
            }
          }
        }
      }
    },
    "grunt-release": {
      "version": "0.7.0",
      "from": "grunt-release@0.7.0",
      "resolved": "https://registry.npmjs.org/grunt-release/-/grunt-release-0.7.0.tgz",
      "dependencies": {
        "shelljs": {
          "version": "0.1.4",
          "from": "shelljs@~0.1.2",
          "resolved": "https://registry.npmjs.org/shelljs/-/shelljs-0.1.4.tgz"
        },
        "semver": {
          "version": "2.0.11",
          "from": "semver@~2.0.10",
          "resolved": "https://registry.npmjs.org/semver/-/semver-2.0.11.tgz"
        },
        "superagent": {
          "version": "0.15.7",
          "from": "superagent@~0.15.4",
          "resolved": "https://registry.npmjs.org/superagent/-/superagent-0.15.7.tgz",
          "dependencies": {
            "qs": {
              "version": "0.6.5",
              "from": "qs@0.6.5",
              "resolved": "https://registry.npmjs.org/qs/-/qs-0.6.5.tgz"
            },
            "formidable": {
              "version": "1.0.14",
              "from": "formidable@1.0.14",
              "resolved": "https://registry.npmjs.org/formidable/-/formidable-1.0.14.tgz"
            },
            "mime": {
              "version": "1.2.5",
              "from": "mime@1.2.5",
              "resolved": "https://registry.npmjs.org/mime/-/mime-1.2.5.tgz"
            },
            "emitter-component": {
              "version": "1.0.0",
              "from": "emitter-component@1.0.0",
              "resolved": "https://registry.npmjs.org/emitter-component/-/emitter-component-1.0.0.tgz"
            },
            "methods": {
              "version": "0.0.1",
              "from": "methods@0.0.1",
              "resolved": "https://registry.npmjs.org/methods/-/methods-0.0.1.tgz"
            },
            "cookiejar": {
              "version": "1.3.0",
              "from": "cookiejar@1.3.0",
              "resolved": "https://registry.npmjs.org/cookiejar/-/cookiejar-1.3.0.tgz"
            },
            "debug": {
              "version": "0.7.4",
              "from": "debug@~0.7.2",
              "resolved": "https://registry.npmjs.org/debug/-/debug-0.7.4.tgz"
            },
            "reduce-component": {
              "version": "1.0.1",
              "from": "reduce-component@1.0.1",
              "resolved": "https://registry.npmjs.org/reduce-component/-/reduce-component-1.0.1.tgz"
            }
          }
        },
        "q": {
          "version": "1.0.1",
          "from": "q@~1.0.0",
          "resolved": "https://registry.npmjs.org/q/-/q-1.0.1.tgz"
        }
      }
    },
    "resolve": {
      "version": "0.2.3",
      "from": "resolve@0.2.3",
      "resolved": "https://registry.npmjs.org/resolve/-/resolve-0.2.3.tgz"
    },
    "should": {
      "version": "3.3.1",
      "from": "should@*",
      "resolved": "https://registry.npmjs.org/should/-/should-3.3.1.tgz"
    },
    "uglify-js": {
      "version": "1.2.6",
      "from": "uglify-js@1.2.6",
      "resolved": "https://registry.npmjs.org/uglify-js/-/uglify-js-1.2.6.tgz"
    },
    "walkdir": {
      "version": "0.0.5",
      "from": "walkdir@0.0.5",
      "resolved": "https://registry.npmjs.org/walkdir/-/walkdir-0.0.5.tgz"
    }
  }
}
